{
  "nodes": {
    "cpuminer-src": {
      "flake": false,
      "locked": {
        "lastModified": 1688474572,
        "narHash": "sha256-ShJePuWB/QPAILm5yHJ5YtJBkUelGyUckxlgohgmBb4=",
        "owner": "hathornetwork",
        "repo": "cpuminer",
        "rev": "06240a0bd91f178aa135090ada3497992e7c1ec0",
        "type": "github"
      },
      "original": {
        "owner": "hathornetwork",
        "repo": "cpuminer",
        "type": "github"
      }
    },
    "flake-utils": {
      "inputs": {
        "systems": "systems"
      },
      "locked": {
        "lastModified": 1731533236,
        "narHash": "sha256-l0KFg5HjrsfsO/JpG+r7fRrqm12kzFHyUHqHCVpMMbI=",
        "owner": "numtide",
        "repo": "flake-utils",
        "rev": "11707dc2f618dd54ca8739b309ec4fc024de578b",
        "type": "github"
      },
      "original": {
        "owner": "numtide",
        "repo": "flake-utils",
        "type": "github"
      }
    },
    "hathor-core-src": {
      "flake": false,
      "locked": {
        "lastModified": 1765558692,
        "narHash": "sha256-BEG7xcpW/ccPeDANUL48093Vsbg/0lKzkEJsWpYeotw=",
        "owner": "hathornetwork",
        "repo": "hathor-core",
        "rev": "e6d5726c8e932f98649347314c02bd82740e100c",
        "type": "github"
      },
      "original": {
        "owner": "hathornetwork",
        "repo": "hathor-core",
        "type": "github"
      }
    },
    "nixpkgs": {
      "locked": {
        "lastModified": 1735563628,
        "narHash": "sha256-OnSAY7XDSx7CtDoqNh8jwVwh4xNL/2HaJxGjryLWzX8=",
        "owner": "NixOS",
        "repo": "nixpkgs",
        "rev": "b134951a4c9f3c995fd7be05f3243f8ecd65d798",
        "type": "github"
      },
      "original": {
        "owner": "NixOS",
        "ref": "nixos-24.05",
        "repo": "nixpkgs",
        "type": "github"
      }
    },
    "root": {
      "inputs": {
        "cpuminer-src": "cpuminer-src",
        "flake-utils": "flake-utils",
        "hathor-core-src": "hathor-core-src",
        "nixpkgs": "nixpkgs",
        "rust-overlay": "rust-overlay"
      }
    },
    "rust-overlay": {
      "inputs": {
        "nixpkgs": [
          "nixpkgs"
        ]
      },
      "locked": {
        "lastModified": 1766025663,
        "narHash": "sha256-VSrZmhM22nZckbbE8Cmmc5I2RUGtwo1aii77T/i8YPU=",
        "owner": "oxalica",
        "repo": "rust-overlay",
        "rev": "96617c96d4c455770e6664b5e3aad999b677fae6",
        "type": "github"
      },
      "original": {
        "owner": "oxalica",
        "repo": "rust-overlay",
        "type": "github"
      }
    },
    "systems": {
      "locked": {
        "lastModified": 1681028828,
        "narHash": "sha256-Vy1rq5AaRuLzOxct8nz4T6wlgyUR7zLU309k9mBC768=",
        "owner": "nix-systems",
        "repo": "default",
        "rev": "da67096a3b9bf56a91d16901293e51ba5b49a27e",
        "type": "github"
      },
      "original": {
        "owner": "nix-systems",
        "repo": "default",
        "type": "github"
      }
    }
  },
  "root": "root",
  "version": 7
}
