{
  "nodes": {
    "cpuminer-src": {
      "flake": false,
      "locked": {
        "lastModified": 1688474572,
        "narHash": "sha256-ShJePuWB/QPAILm5yHJ5YtJBkUelGyUckxlgohgmBb4=",
        "owner": "hathornetwork",
        "repo": "cpuminer",
        "rev": "06240a0bd91f178aa135090ada3497992e7c1ec0",
        "type": "github"
      },
      "original": {
        "owner": "hathornetwork",
        "repo": "cpuminer",
        "type": "github"
      }
    },
    "flake-utils": {
      "inputs": {
        "systems": "systems"
      },
      "locked": {
        "lastModified": 1731533236,
        "narHash": "sha256-l0KFg5HjrsfsO/JpG+r7fRrqm12kzFHyUHqHCVpMMbI=",
        "owner": "numtide",
        "repo": "flake-utils",
        "rev": "11707dc2f618dd54ca8739b309ec4fc024de578b",
        "type": "github"
      },
      "original": {
        "owner": "numtide",
        "repo": "flake-utils",
        "type": "github"
      }
    },
    "hathor-core-src": {
      "flake": false,
      "locked": {
        "lastModified": 1766081326,
        "narHash": "sha256-FeS5RAusmKF1BRwaz8RERaDL4haHmKLNq5A60RXWYjY=",
        "owner": "hathornetwork",
        "repo": "hathor-core",
        "rev": "e3bba0da013b27f87d64a9ca5f9dacdd0b16e512",
        "type": "github"
      },
      "original": {
        "owner": "hathornetwork",
        "repo": "hathor-core",
        "type": "github"
      }
    },
    "hathor-explorer-src": {
      "flake": false,
      "locked": {
        "lastModified": 1768919512,
        "narHash": "sha256-e2/9S29yqEBDHNimknP3iF9tv96TBD4sUCYRIR6J8i0=",
        "owner": "hathornetwork",
        "repo": "hathor-explorer",
        "rev": "1d43c185cf6bc13dece3f724a59120e23aeab9c3",
        "type": "github"
      },
      "original": {
        "owner": "hathornetwork",
        "repo": "hathor-explorer",
        "type": "github"
      }
    },
    "nixpkgs": {
      "locked": {
        "lastModified": 1751274312,
        "narHash": "sha256-/bVBlRpECLVzjV19t5KMdMFWSwKLtb5RyXdjz3LJT+g=",
        "owner": "NixOS",
        "repo": "nixpkgs",
        "rev": "50ab793786d9de88ee30ec4e4c24fb4236fc2674",
        "type": "github"
      },
      "original": {
        "owner": "NixOS",
        "ref": "nixos-24.11",
        "repo": "nixpkgs",
        "type": "github"
      }
    },
    "root": {
      "inputs": {
        "cpuminer-src": "cpuminer-src",
        "flake-utils": "flake-utils",
        "hathor-core-src": "hathor-core-src",
        "hathor-explorer-src": "hathor-explorer-src",
        "nixpkgs": "nixpkgs",
        "rust-overlay": "rust-overlay",
        "wallet-headless-src": "wallet-headless-src"
      }
    },
    "rust-overlay": {
      "inputs": {
        "nixpkgs": [
          "nixpkgs"
        ]
      },
      "locked": {
        "lastModified": 1766025663,
        "narHash": "sha256-VSrZmhM22nZckbbE8Cmmc5I2RUGtwo1aii77T/i8YPU=",
        "owner": "oxalica",
        "repo": "rust-overlay",
        "rev": "96617c96d4c455770e6664b5e3aad999b677fae6",
        "type": "github"
      },
      "original": {
        "owner": "oxalica",
        "repo": "rust-overlay",
        "type": "github"
      }
    },
    "systems": {
      "locked": {
        "lastModified": 1681028828,
        "narHash": "sha256-Vy1rq5AaRuLzOxct8nz4T6wlgyUR7zLU309k9mBC768=",
        "owner": "nix-systems",
        "repo": "default",
        "rev": "da67096a3b9bf56a91d16901293e51ba5b49a27e",
        "type": "github"
      },
      "original": {
        "owner": "nix-systems",
        "repo": "default",
        "type": "github"
      }
    },
    "wallet-headless-src": {
      "flake": false,
      "locked": {
        "lastModified": 1761853714,
        "narHash": "sha256-js2a3ITSILvvcABkZZhlkILcJOVU/lFsCH6DQnGzVEE=",
        "owner": "hathornetwork",
        "repo": "hathor-wallet-headless",
        "rev": "f79695366c753a184478a1a0d7309ff48c45eb3a",
        "type": "github"
      },
      "original": {
        "owner": "hathornetwork",
        "repo": "hathor-wallet-headless",
        "type": "github"
      }
    }
  },
  "root": "root",
  "version": 7
}
